
Microsoft Visual Studio Solution File, Format Version 12.00
# Visual Studio Version 17
VisualStudioVersion = 17.0.32014.148
MinimumVisualStudioVersion = 10.0.40219.1
Project("{9A19103F-16F7-4668-BE54-9A1E7A4F7556}") = "WinFormsApp1", "WinFormsApp1\WinFormsApp1.csproj", "{D4F12C1F-75D4-45DD-81D1-37ACD9D708FC}"
EndProject
Project("{2150E333-8FDC-42A3-9474-1A3956D46DE8}") = "Zadanie2", "Zadanie2", "{ED5B62DB-86B5-4888-B750-FA171E5ED467}"
EndProject
Project("{FAE04EC0-301F-11D3-BF4B-00C04F79EFBC}") = "Zadanie2", "Zadanie2\Zadanie2.csproj", "{855BA2E2-2563-41DF-BA11-0D54C30698F9}"
EndProject
Global
	GlobalSection(SolutionConfigurationPlatforms) = preSolution
		Debug|Any CPU = Debug|Any CPU
		Release|Any CPU = Release|Any CPU
	EndGlobalSection
	GlobalSection(ProjectConfigurationPlatforms) = postSolution
		{D4F12C1F-75D4-45DD-81D1-37ACD9D708FC}.Debug|Any CPU.ActiveCfg = Debug|Any CPU
		{D4F12C1F-75D4-45DD-81D1-37ACD9D708FC}.Debug|Any CPU.Build.0 = Debug|Any CPU
		{D4F12C1F-75D4-45DD-81D1-37ACD9D708FC}.Release|Any CPU.ActiveCfg = Release|Any CPU
		{D4F12C1F-75D4-45DD-81D1-37ACD9D708FC}.Release|Any CPU.Build.0 = Release|Any CPU
		{855BA2E2-2563-41DF-BA11-0D54C30698F9}.Debug|Any CPU.ActiveCfg = Debug|Any CPU
		{855BA2E2-2563-41DF-BA11-0D54C30698F9}.Debug|Any CPU.Build.0 = Debug|Any CPU
		{855BA2E2-2563-41DF-BA11-0D54C30698F9}.Release|Any CPU.ActiveCfg = Release|Any CPU
		{855BA2E2-2563-41DF-BA11-0D54C30698F9}.Release|Any CPU.Build.0 = Release|Any CPU
	EndGlobalSection
	GlobalSection(SolutionProperties) = preSolution
		HideSolutionNode = FALSE
	EndGlobalSection
	GlobalSection(NestedProjects) = preSolution
		{855BA2E2-2563-41DF-BA11-0D54C30698F9} = {ED5B62DB-86B5-4888-B750-FA171E5ED467}
	EndGlobalSection
	GlobalSection(ExtensibilityGlobals) = postSolution
		SolutionGuid = {6035D71D-511C-4112-9CF9-3ABF257F3862}
	EndGlobalSection
EndGlobal
